
Microsoft Visual Studio Solution File, Format Version 12.00
# Visual Studio 14
VisualStudioVersion = 14.0.25420.1
MinimumVisualStudioVersion = 10.0.40219.1
Project("{8BC9CEB8-8B4A-11D0-8D11-00A0C91BC942}") = "maze_path_20160116", "maza_training_20160116\maza_training_20160116.vcxproj", "{9E846705-3E22-4E1C-A770-2F077B2123AD}"
EndProject
Project("{8BC9CEB8-8B4A-11D0-8D11-00A0C91BC942}") = "maze_moving_20160118", "maze_moving_20160117\maze_moving_20160117.vcxproj", "{2064E181-8814-4006-B8C5-F45623F2EE6A}"
EndProject
Project("{8BC9CEB8-8B4A-11D0-8D11-00A0C91BC942}") = "maze_path_20160119", "maze_path_20160119\maze_path_20160119.vcxproj", "{D48A3643-A457-48B9-B0FF-2EA19317E062}"
EndProject
Project("{8BC9CEB8-8B4A-11D0-8D11-00A0C91BC942}") = "maze_moving_20160120", "maze_moving_20160120\maze_moving_20160120.vcxproj", "{9D3F2F12-631D-49DE-9AFD-A42ACFD89AF6}"
EndProject
Project("{8BC9CEB8-8B4A-11D0-8D11-00A0C91BC942}") = "maze_pipe_20160122", "maze_pipe_20160122\maze_pipe_20160122.vcxproj", "{EF0C3273-25E3-47EA-B575-B75784B70B0C}"
EndProject
Project("{8BC9CEB8-8B4A-11D0-8D11-00A0C91BC942}") = "maze_destroy1_shortest_path_p2206_20160122", "maze_destroy1_shortest_path_20160122\maze_destroy1_shortest_path_20160122.vcxproj", "{D3B8175F-A87B-4A78-AD1E-FB279BC10931}"
EndProject
Project("{8BC9CEB8-8B4A-11D0-8D11-00A0C91BC942}") = "maze_p2178_20160123_stack", "maze_p2178_20160123\maze_p2178_20160123.vcxproj", "{02683104-1E2C-499D-954C-D2839F487149}"
EndProject
Project("{8BC9CEB8-8B4A-11D0-8D11-00A0C91BC942}") = "maze_path_20160125", "maze_path_20160125\maze_path_20160125.vcxproj", "{9EF956D9-9B04-4CD9-9485-283D3872EE0C}"
EndProject
Project("{8BC9CEB8-8B4A-11D0-8D11-00A0C91BC942}") = "maze_moving_20160125", "maze_moving_20160125\maze_moving_20160125.vcxproj", "{A3461484-740B-417C-BA58-4A7AFACA8D0F}"
EndProject
Project("{8BC9CEB8-8B4A-11D0-8D11-00A0C91BC942}") = "maze_p2178_20160125_Q", "maze_p2178_20160125_Q\maze_p2178_20160125_Q.vcxproj", "{D2ABFBE9-C355-476E-B78A-57F2B6EB9DB7}"
EndProject
Project("{8BC9CEB8-8B4A-11D0-8D11-00A0C91BC942}") = "maze_destroy1_shortest_path_p2206_20160125", "maze_destroy1_shortest_path_20160125\maze_destroy1_shortest_path_20160125.vcxproj", "{11255062-1FEC-4E5A-875F-55600B22F2FE}"
EndProject
Project("{8BC9CEB8-8B4A-11D0-8D11-00A0C91BC942}") = "maze_destroy1_shortest_path_p2206_20160125_llq", "maze_destroy1_shortest_path_p2206_20160125_llq\maze_destroy1_shortest_path_p2206_20160125_llq.vcxproj", "{6AC6549C-6352-443D-863D-D839F2033D26}"
EndProject
Project("{8BC9CEB8-8B4A-11D0-8D11-00A0C91BC942}") = "maze_destroy1_shortest_path_p2206_20160125_markdist", "maze_destroy1_shortest_path_p2206_20160125_markdist\maze_destroy1_shortest_path_p2206_20160125_markdist.vcxproj", "{A856E9FA-508F-456F-B566-7BC8AE7CC2A1}"
EndProject
Project("{8BC9CEB8-8B4A-11D0-8D11-00A0C91BC942}") = "maze_moving_20160707", "maze_moving_20160707\maze_moving_20160707.vcxproj", "{CD915E2D-9B75-450C-AFC9-EBD819984389}"
EndProject
Project("{8BC9CEB8-8B4A-11D0-8D11-00A0C91BC942}") = "maze_moving_20161021", "maze_moving_20161021\maze_moving_20161021.vcxproj", "{C3CA767C-174E-4441-9711-FD2CD8D1CCC5}"
EndProject
Project("{8BC9CEB8-8B4A-11D0-8D11-00A0C91BC942}") = "TreeTraverse", "TreeTraverse.cpp\TreeTraverse.cpp.vcxproj", "{E126C64B-263F-47D7-97EC-2DBEF306A8AE}"
EndProject
Project("{8BC9CEB8-8B4A-11D0-8D11-00A0C91BC942}") = "Block_Optimal_Cluster", "Block_Optimal_Cluster\Block_Optimal_Cluster.vcxproj", "{D372DAEA-45E1-4D17-97DD-8DAE803F8E0D}"
EndProject
Project("{8BC9CEB8-8B4A-11D0-8D11-00A0C91BC942}") = "HelloWorld", "HelloWorld\HelloWorld.vcxproj", "{AF3E2404-5662-4D2E-B9B0-FEBAB94D0A7F}"
EndProject
Project("{8BC9CEB8-8B4A-11D0-8D11-00A0C91BC942}") = "Parsing", "Parsing\Parsing.vcxproj", "{C6895F37-0D09-43E5-B462-257042B1B7E9}"
EndProject
Project("{8BC9CEB8-8B4A-11D0-8D11-00A0C91BC942}") = "maze_path_20170904", "maze_path_20170904\maze_path_20170904.vcxproj", "{A30395BF-84CA-4689-83AA-BF218501A92D}"
EndProject
Project("{8BC9CEB8-8B4A-11D0-8D11-00A0C91BC942}") = "maze_moving_20170906", "maze_moving_20170906\maze_moving_20170906.vcxproj", "{1A9C0605-E327-4A1E-A779-D137E694C693}"
EndProject
Project("{8BC9CEB8-8B4A-11D0-8D11-00A0C91BC942}") = "maze_path_20181124", "maze_path_20181124\maze_path_20181124.vcxproj", "{D9B5586B-2AFE-4966-B04F-34D641FBE6A7}"
EndProject
Project("{8BC9CEB8-8B4A-11D0-8D11-00A0C91BC942}") = "maze_moving_20181125", "maze_moving_20181125\maze_moving_20181125.vcxproj", "{C4B62DB7-9038-484D-A23E-5154F808176B}"
EndProject
Project("{8BC9CEB8-8B4A-11D0-8D11-00A0C91BC942}") = "Test_const", "test\test.vcxproj", "{007A360E-C74A-4848-89A9-95DF61A2BCAD}"
EndProject
Project("{8BC9CEB8-8B4A-11D0-8D11-00A0C91BC942}") = "alg_c_bst", "alg_c_bst\alg_c_bst.vcxproj", "{65C78FEC-083A-4A80-847D-19CA599E004E}"
EndProject
Project("{8BC9CEB8-8B4A-11D0-8D11-00A0C91BC942}") = "doubly_linked_list_20181128", "doubly_linked_list_20181128\doubly_linked_list_20181128.vcxproj", "{95114741-9929-4A05-A491-B1297A7C0E31}"
EndProject
Project("{8BC9CEB8-8B4A-11D0-8D11-00A0C91BC942}") = "dynamic_array_20181129", "dynamic_array_20181129\dynamic_array_20181129.vcxproj", "{53365BEE-46A2-4B0A-9F6B-FA3960325237}"
EndProject
Project("{8BC9CEB8-8B4A-11D0-8D11-00A0C91BC942}") = "bit_coin_20181201", "bit_coin_20181201\bit_coin_20181201.vcxproj", "{EA50E4F4-7088-46FC-81C3-C89C94B32FE9}"
EndProject
Global
	GlobalSection(SolutionConfigurationPlatforms) = preSolution
		Debug|Win32 = Debug|Win32
		Debug|x64 = Debug|x64
		Release|Win32 = Release|Win32
		Release|x64 = Release|x64
	EndGlobalSection
	GlobalSection(ProjectConfigurationPlatforms) = postSolution
		{9E846705-3E22-4E1C-A770-2F077B2123AD}.Debug|Win32.ActiveCfg = Debug|Win32
		{9E846705-3E22-4E1C-A770-2F077B2123AD}.Debug|Win32.Build.0 = Debug|Win32
		{9E846705-3E22-4E1C-A770-2F077B2123AD}.Debug|x64.ActiveCfg = Debug|Win32
		{9E846705-3E22-4E1C-A770-2F077B2123AD}.Release|Win32.ActiveCfg = Release|Win32
		{9E846705-3E22-4E1C-A770-2F077B2123AD}.Release|Win32.Build.0 = Release|Win32
		{9E846705-3E22-4E1C-A770-2F077B2123AD}.Release|x64.ActiveCfg = Release|Win32
		{2064E181-8814-4006-B8C5-F45623F2EE6A}.Debug|Win32.ActiveCfg = Debug|Win32
		{2064E181-8814-4006-B8C5-F45623F2EE6A}.Debug|Win32.Build.0 = Debug|Win32
		{2064E181-8814-4006-B8C5-F45623F2EE6A}.Debug|x64.ActiveCfg = Debug|Win32
		{2064E181-8814-4006-B8C5-F45623F2EE6A}.Release|Win32.ActiveCfg = Release|Win32
		{2064E181-8814-4006-B8C5-F45623F2EE6A}.Release|Win32.Build.0 = Release|Win32
		{2064E181-8814-4006-B8C5-F45623F2EE6A}.Release|x64.ActiveCfg = Release|Win32
		{D48A3643-A457-48B9-B0FF-2EA19317E062}.Debug|Win32.ActiveCfg = Debug|Win32
		{D48A3643-A457-48B9-B0FF-2EA19317E062}.Debug|Win32.Build.0 = Debug|Win32
		{D48A3643-A457-48B9-B0FF-2EA19317E062}.Debug|x64.ActiveCfg = Debug|Win32
		{D48A3643-A457-48B9-B0FF-2EA19317E062}.Release|Win32.ActiveCfg = Release|Win32
		{D48A3643-A457-48B9-B0FF-2EA19317E062}.Release|Win32.Build.0 = Release|Win32
		{D48A3643-A457-48B9-B0FF-2EA19317E062}.Release|x64.ActiveCfg = Release|Win32
		{9D3F2F12-631D-49DE-9AFD-A42ACFD89AF6}.Debug|Win32.ActiveCfg = Debug|Win32
		{9D3F2F12-631D-49DE-9AFD-A42ACFD89AF6}.Debug|Win32.Build.0 = Debug|Win32
		{9D3F2F12-631D-49DE-9AFD-A42ACFD89AF6}.Debug|x64.ActiveCfg = Debug|Win32
		{9D3F2F12-631D-49DE-9AFD-A42ACFD89AF6}.Release|Win32.ActiveCfg = Release|Win32
		{9D3F2F12-631D-49DE-9AFD-A42ACFD89AF6}.Release|Win32.Build.0 = Release|Win32
		{9D3F2F12-631D-49DE-9AFD-A42ACFD89AF6}.Release|x64.ActiveCfg = Release|Win32
		{EF0C3273-25E3-47EA-B575-B75784B70B0C}.Debug|Win32.ActiveCfg = Debug|Win32
		{EF0C3273-25E3-47EA-B575-B75784B70B0C}.Debug|Win32.Build.0 = Debug|Win32
		{EF0C3273-25E3-47EA-B575-B75784B70B0C}.Debug|x64.ActiveCfg = Debug|Win32
		{EF0C3273-25E3-47EA-B575-B75784B70B0C}.Release|Win32.ActiveCfg = Release|Win32
		{EF0C3273-25E3-47EA-B575-B75784B70B0C}.Release|Win32.Build.0 = Release|Win32
		{EF0C3273-25E3-47EA-B575-B75784B70B0C}.Release|x64.ActiveCfg = Release|Win32
		{D3B8175F-A87B-4A78-AD1E-FB279BC10931}.Debug|Win32.ActiveCfg = Debug|Win32
		{D3B8175F-A87B-4A78-AD1E-FB279BC10931}.Debug|Win32.Build.0 = Debug|Win32
		{D3B8175F-A87B-4A78-AD1E-FB279BC10931}.Debug|x64.ActiveCfg = Debug|Win32
		{D3B8175F-A87B-4A78-AD1E-FB279BC10931}.Release|Win32.ActiveCfg = Release|Win32
		{D3B8175F-A87B-4A78-AD1E-FB279BC10931}.Release|Win32.Build.0 = Release|Win32
		{D3B8175F-A87B-4A78-AD1E-FB279BC10931}.Release|x64.ActiveCfg = Release|Win32
		{02683104-1E2C-499D-954C-D2839F487149}.Debug|Win32.ActiveCfg = Debug|Win32
		{02683104-1E2C-499D-954C-D2839F487149}.Debug|Win32.Build.0 = Debug|Win32
		{02683104-1E2C-499D-954C-D2839F487149}.Debug|x64.ActiveCfg = Debug|Win32
		{02683104-1E2C-499D-954C-D2839F487149}.Release|Win32.ActiveCfg = Release|Win32
		{02683104-1E2C-499D-954C-D2839F487149}.Release|Win32.Build.0 = Release|Win32
		{02683104-1E2C-499D-954C-D2839F487149}.Release|x64.ActiveCfg = Release|Win32
		{9EF956D9-9B04-4CD9-9485-283D3872EE0C}.Debug|Win32.ActiveCfg = Debug|Win32
		{9EF956D9-9B04-4CD9-9485-283D3872EE0C}.Debug|Win32.Build.0 = Debug|Win32
		{9EF956D9-9B04-4CD9-9485-283D3872EE0C}.Debug|x64.ActiveCfg = Debug|Win32
		{9EF956D9-9B04-4CD9-9485-283D3872EE0C}.Release|Win32.ActiveCfg = Release|Win32
		{9EF956D9-9B04-4CD9-9485-283D3872EE0C}.Release|Win32.Build.0 = Release|Win32
		{9EF956D9-9B04-4CD9-9485-283D3872EE0C}.Release|x64.ActiveCfg = Release|Win32
		{A3461484-740B-417C-BA58-4A7AFACA8D0F}.Debug|Win32.ActiveCfg = Debug|Win32
		{A3461484-740B-417C-BA58-4A7AFACA8D0F}.Debug|Win32.Build.0 = Debug|Win32
		{A3461484-740B-417C-BA58-4A7AFACA8D0F}.Debug|x64.ActiveCfg = Debug|Win32
		{A3461484-740B-417C-BA58-4A7AFACA8D0F}.Release|Win32.ActiveCfg = Release|Win32
		{A3461484-740B-417C-BA58-4A7AFACA8D0F}.Release|Win32.Build.0 = Release|Win32
		{A3461484-740B-417C-BA58-4A7AFACA8D0F}.Release|x64.ActiveCfg = Release|Win32
		{D2ABFBE9-C355-476E-B78A-57F2B6EB9DB7}.Debug|Win32.ActiveCfg = Debug|Win32
		{D2ABFBE9-C355-476E-B78A-57F2B6EB9DB7}.Debug|Win32.Build.0 = Debug|Win32
		{D2ABFBE9-C355-476E-B78A-57F2B6EB9DB7}.Debug|x64.ActiveCfg = Debug|Win32
		{D2ABFBE9-C355-476E-B78A-57F2B6EB9DB7}.Release|Win32.ActiveCfg = Release|Win32
		{D2ABFBE9-C355-476E-B78A-57F2B6EB9DB7}.Release|Win32.Build.0 = Release|Win32
		{D2ABFBE9-C355-476E-B78A-57F2B6EB9DB7}.Release|x64.ActiveCfg = Release|Win32
		{11255062-1FEC-4E5A-875F-55600B22F2FE}.Debug|Win32.ActiveCfg = Debug|Win32
		{11255062-1FEC-4E5A-875F-55600B22F2FE}.Debug|Win32.Build.0 = Debug|Win32
		{11255062-1FEC-4E5A-875F-55600B22F2FE}.Debug|x64.ActiveCfg = Debug|Win32
		{11255062-1FEC-4E5A-875F-55600B22F2FE}.Release|Win32.ActiveCfg = Release|Win32
		{11255062-1FEC-4E5A-875F-55600B22F2FE}.Release|Win32.Build.0 = Release|Win32
		{11255062-1FEC-4E5A-875F-55600B22F2FE}.Release|x64.ActiveCfg = Release|Win32
		{6AC6549C-6352-443D-863D-D839F2033D26}.Debug|Win32.ActiveCfg = Debug|Win32
		{6AC6549C-6352-443D-863D-D839F2033D26}.Debug|Win32.Build.0 = Debug|Win32
		{6AC6549C-6352-443D-863D-D839F2033D26}.Debug|x64.ActiveCfg = Debug|Win32
		{6AC6549C-6352-443D-863D-D839F2033D26}.Release|Win32.ActiveCfg = Release|Win32
		{6AC6549C-6352-443D-863D-D839F2033D26}.Release|Win32.Build.0 = Release|Win32
		{6AC6549C-6352-443D-863D-D839F2033D26}.Release|x64.ActiveCfg = Release|Win32
		{A856E9FA-508F-456F-B566-7BC8AE7CC2A1}.Debug|Win32.ActiveCfg = Debug|Win32
		{A856E9FA-508F-456F-B566-7BC8AE7CC2A1}.Debug|Win32.Build.0 = Debug|Win32
		{A856E9FA-508F-456F-B566-7BC8AE7CC2A1}.Debug|x64.ActiveCfg = Debug|Win32
		{A856E9FA-508F-456F-B566-7BC8AE7CC2A1}.Release|Win32.ActiveCfg = Release|Win32
		{A856E9FA-508F-456F-B566-7BC8AE7CC2A1}.Release|Win32.Build.0 = Release|Win32
		{A856E9FA-508F-456F-B566-7BC8AE7CC2A1}.Release|x64.ActiveCfg = Release|Win32
		{CD915E2D-9B75-450C-AFC9-EBD819984389}.Debug|Win32.ActiveCfg = Debug|Win32
		{CD915E2D-9B75-450C-AFC9-EBD819984389}.Debug|Win32.Build.0 = Debug|Win32
		{CD915E2D-9B75-450C-AFC9-EBD819984389}.Debug|x64.ActiveCfg = Debug|Win32
		{CD915E2D-9B75-450C-AFC9-EBD819984389}.Release|Win32.ActiveCfg = Release|Win32
		{CD915E2D-9B75-450C-AFC9-EBD819984389}.Release|Win32.Build.0 = Release|Win32
		{CD915E2D-9B75-450C-AFC9-EBD819984389}.Release|x64.ActiveCfg = Release|Win32
		{C3CA767C-174E-4441-9711-FD2CD8D1CCC5}.Debug|Win32.ActiveCfg = Debug|Win32
		{C3CA767C-174E-4441-9711-FD2CD8D1CCC5}.Debug|Win32.Build.0 = Debug|Win32
		{C3CA767C-174E-4441-9711-FD2CD8D1CCC5}.Debug|x64.ActiveCfg = Debug|Win32
		{C3CA767C-174E-4441-9711-FD2CD8D1CCC5}.Release|Win32.ActiveCfg = Release|Win32
		{C3CA767C-174E-4441-9711-FD2CD8D1CCC5}.Release|Win32.Build.0 = Release|Win32
		{C3CA767C-174E-4441-9711-FD2CD8D1CCC5}.Release|x64.ActiveCfg = Release|Win32
		{E126C64B-263F-47D7-97EC-2DBEF306A8AE}.Debug|Win32.ActiveCfg = Debug|Win32
		{E126C64B-263F-47D7-97EC-2DBEF306A8AE}.Debug|Win32.Build.0 = Debug|Win32
		{E126C64B-263F-47D7-97EC-2DBEF306A8AE}.Debug|x64.ActiveCfg = Debug|x64
		{E126C64B-263F-47D7-97EC-2DBEF306A8AE}.Debug|x64.Build.0 = Debug|x64
		{E126C64B-263F-47D7-97EC-2DBEF306A8AE}.Release|Win32.ActiveCfg = Release|Win32
		{E126C64B-263F-47D7-97EC-2DBEF306A8AE}.Release|Win32.Build.0 = Release|Win32
		{E126C64B-263F-47D7-97EC-2DBEF306A8AE}.Release|x64.ActiveCfg = Release|x64
		{E126C64B-263F-47D7-97EC-2DBEF306A8AE}.Release|x64.Build.0 = Release|x64
		{D372DAEA-45E1-4D17-97DD-8DAE803F8E0D}.Debug|Win32.ActiveCfg = Debug|Win32
		{D372DAEA-45E1-4D17-97DD-8DAE803F8E0D}.Debug|Win32.Build.0 = Debug|Win32
		{D372DAEA-45E1-4D17-97DD-8DAE803F8E0D}.Debug|x64.ActiveCfg = Debug|Win32
		{D372DAEA-45E1-4D17-97DD-8DAE803F8E0D}.Release|Win32.ActiveCfg = Release|Win32
		{D372DAEA-45E1-4D17-97DD-8DAE803F8E0D}.Release|Win32.Build.0 = Release|Win32
		{D372DAEA-45E1-4D17-97DD-8DAE803F8E0D}.Release|x64.ActiveCfg = Release|Win32
		{AF3E2404-5662-4D2E-B9B0-FEBAB94D0A7F}.Debug|Win32.ActiveCfg = Debug|Win32
		{AF3E2404-5662-4D2E-B9B0-FEBAB94D0A7F}.Debug|Win32.Build.0 = Debug|Win32
		{AF3E2404-5662-4D2E-B9B0-FEBAB94D0A7F}.Debug|x64.ActiveCfg = Debug|x64
		{AF3E2404-5662-4D2E-B9B0-FEBAB94D0A7F}.Debug|x64.Build.0 = Debug|x64
		{AF3E2404-5662-4D2E-B9B0-FEBAB94D0A7F}.Release|Win32.ActiveCfg = Release|Win32
		{AF3E2404-5662-4D2E-B9B0-FEBAB94D0A7F}.Release|Win32.Build.0 = Release|Win32
		{AF3E2404-5662-4D2E-B9B0-FEBAB94D0A7F}.Release|x64.ActiveCfg = Release|x64
		{AF3E2404-5662-4D2E-B9B0-FEBAB94D0A7F}.Release|x64.Build.0 = Release|x64
		{C6895F37-0D09-43E5-B462-257042B1B7E9}.Debug|Win32.ActiveCfg = Debug|Win32
		{C6895F37-0D09-43E5-B462-257042B1B7E9}.Debug|Win32.Build.0 = Debug|Win32
		{C6895F37-0D09-43E5-B462-257042B1B7E9}.Debug|x64.ActiveCfg = Debug|x64
		{C6895F37-0D09-43E5-B462-257042B1B7E9}.Debug|x64.Build.0 = Debug|x64
		{C6895F37-0D09-43E5-B462-257042B1B7E9}.Release|Win32.ActiveCfg = Release|Win32
		{C6895F37-0D09-43E5-B462-257042B1B7E9}.Release|Win32.Build.0 = Release|Win32
		{C6895F37-0D09-43E5-B462-257042B1B7E9}.Release|x64.ActiveCfg = Release|x64
		{C6895F37-0D09-43E5-B462-257042B1B7E9}.Release|x64.Build.0 = Release|x64
		{A30395BF-84CA-4689-83AA-BF218501A92D}.Debug|Win32.ActiveCfg = Debug|Win32
		{A30395BF-84CA-4689-83AA-BF218501A92D}.Debug|Win32.Build.0 = Debug|Win32
		{A30395BF-84CA-4689-83AA-BF218501A92D}.Debug|x64.ActiveCfg = Debug|x64
		{A30395BF-84CA-4689-83AA-BF218501A92D}.Debug|x64.Build.0 = Debug|x64
		{A30395BF-84CA-4689-83AA-BF218501A92D}.Release|Win32.ActiveCfg = Release|Win32
		{A30395BF-84CA-4689-83AA-BF218501A92D}.Release|Win32.Build.0 = Release|Win32
		{A30395BF-84CA-4689-83AA-BF218501A92D}.Release|x64.ActiveCfg = Release|x64
		{A30395BF-84CA-4689-83AA-BF218501A92D}.Release|x64.Build.0 = Release|x64
		{1A9C0605-E327-4A1E-A779-D137E694C693}.Debug|Win32.ActiveCfg = Debug|Win32
		{1A9C0605-E327-4A1E-A779-D137E694C693}.Debug|Win32.Build.0 = Debug|Win32
		{1A9C0605-E327-4A1E-A779-D137E694C693}.Debug|x64.ActiveCfg = Debug|x64
		{1A9C0605-E327-4A1E-A779-D137E694C693}.Debug|x64.Build.0 = Debug|x64
		{1A9C0605-E327-4A1E-A779-D137E694C693}.Release|Win32.ActiveCfg = Release|Win32
		{1A9C0605-E327-4A1E-A779-D137E694C693}.Release|Win32.Build.0 = Release|Win32
		{1A9C0605-E327-4A1E-A779-D137E694C693}.Release|x64.ActiveCfg = Release|x64
		{1A9C0605-E327-4A1E-A779-D137E694C693}.Release|x64.Build.0 = Release|x64
		{D9B5586B-2AFE-4966-B04F-34D641FBE6A7}.Debug|Win32.ActiveCfg = Debug|Win32
		{D9B5586B-2AFE-4966-B04F-34D641FBE6A7}.Debug|Win32.Build.0 = Debug|Win32
		{D9B5586B-2AFE-4966-B04F-34D641FBE6A7}.Debug|x64.ActiveCfg = Debug|x64
		{D9B5586B-2AFE-4966-B04F-34D641FBE6A7}.Debug|x64.Build.0 = Debug|x64
		{D9B5586B-2AFE-4966-B04F-34D641FBE6A7}.Release|Win32.ActiveCfg = Release|Win32
		{D9B5586B-2AFE-4966-B04F-34D641FBE6A7}.Release|Win32.Build.0 = Release|Win32
		{D9B5586B-2AFE-4966-B04F-34D641FBE6A7}.Release|x64.ActiveCfg = Release|x64
		{D9B5586B-2AFE-4966-B04F-34D641FBE6A7}.Release|x64.Build.0 = Release|x64
		{C4B62DB7-9038-484D-A23E-5154F808176B}.Debug|Win32.ActiveCfg = Debug|Win32
		{C4B62DB7-9038-484D-A23E-5154F808176B}.Debug|Win32.Build.0 = Debug|Win32
		{C4B62DB7-9038-484D-A23E-5154F808176B}.Debug|x64.ActiveCfg = Debug|x64
		{C4B62DB7-9038-484D-A23E-5154F808176B}.Debug|x64.Build.0 = Debug|x64
		{C4B62DB7-9038-484D-A23E-5154F808176B}.Release|Win32.ActiveCfg = Release|Win32
		{C4B62DB7-9038-484D-A23E-5154F808176B}.Release|Win32.Build.0 = Release|Win32
		{C4B62DB7-9038-484D-A23E-5154F808176B}.Release|x64.ActiveCfg = Release|x64
		{C4B62DB7-9038-484D-A23E-5154F808176B}.Release|x64.Build.0 = Release|x64
		{007A360E-C74A-4848-89A9-95DF61A2BCAD}.Debug|Win32.ActiveCfg = Debug|Win32
		{007A360E-C74A-4848-89A9-95DF61A2BCAD}.Debug|Win32.Build.0 = Debug|Win32
		{007A360E-C74A-4848-89A9-95DF61A2BCAD}.Debug|x64.ActiveCfg = Debug|x64
		{007A360E-C74A-4848-89A9-95DF61A2BCAD}.Debug|x64.Build.0 = Debug|x64
		{007A360E-C74A-4848-89A9-95DF61A2BCAD}.Release|Win32.ActiveCfg = Release|Win32
		{007A360E-C74A-4848-89A9-95DF61A2BCAD}.Release|Win32.Build.0 = Release|Win32
		{007A360E-C74A-4848-89A9-95DF61A2BCAD}.Release|x64.ActiveCfg = Release|x64
		{007A360E-C74A-4848-89A9-95DF61A2BCAD}.Release|x64.Build.0 = Release|x64
		{65C78FEC-083A-4A80-847D-19CA599E004E}.Debug|Win32.ActiveCfg = Debug|Win32
		{65C78FEC-083A-4A80-847D-19CA599E004E}.Debug|Win32.Build.0 = Debug|Win32
		{65C78FEC-083A-4A80-847D-19CA599E004E}.Debug|x64.ActiveCfg = Debug|x64
		{65C78FEC-083A-4A80-847D-19CA599E004E}.Debug|x64.Build.0 = Debug|x64
		{65C78FEC-083A-4A80-847D-19CA599E004E}.Release|Win32.ActiveCfg = Release|Win32
		{65C78FEC-083A-4A80-847D-19CA599E004E}.Release|Win32.Build.0 = Release|Win32
		{65C78FEC-083A-4A80-847D-19CA599E004E}.Release|x64.ActiveCfg = Release|x64
		{65C78FEC-083A-4A80-847D-19CA599E004E}.Release|x64.Build.0 = Release|x64
		{95114741-9929-4A05-A491-B1297A7C0E31}.Debug|Win32.ActiveCfg = Debug|Win32
		{95114741-9929-4A05-A491-B1297A7C0E31}.Debug|Win32.Build.0 = Debug|Win32
		{95114741-9929-4A05-A491-B1297A7C0E31}.Debug|x64.ActiveCfg = Debug|x64
		{95114741-9929-4A05-A491-B1297A7C0E31}.Debug|x64.Build.0 = Debug|x64
		{95114741-9929-4A05-A491-B1297A7C0E31}.Release|Win32.ActiveCfg = Release|Win32
		{95114741-9929-4A05-A491-B1297A7C0E31}.Release|Win32.Build.0 = Release|Win32
		{95114741-9929-4A05-A491-B1297A7C0E31}.Release|x64.ActiveCfg = Release|x64
		{95114741-9929-4A05-A491-B1297A7C0E31}.Release|x64.Build.0 = Release|x64
		{53365BEE-46A2-4B0A-9F6B-FA3960325237}.Debug|Win32.ActiveCfg = Debug|Win32
		{53365BEE-46A2-4B0A-9F6B-FA3960325237}.Debug|Win32.Build.0 = Debug|Win32
		{53365BEE-46A2-4B0A-9F6B-FA3960325237}.Debug|x64.ActiveCfg = Debug|x64
		{53365BEE-46A2-4B0A-9F6B-FA3960325237}.Debug|x64.Build.0 = Debug|x64
		{53365BEE-46A2-4B0A-9F6B-FA3960325237}.Release|Win32.ActiveCfg = Release|Win32
		{53365BEE-46A2-4B0A-9F6B-FA3960325237}.Release|Win32.Build.0 = Release|Win32
		{53365BEE-46A2-4B0A-9F6B-FA3960325237}.Release|x64.ActiveCfg = Release|x64
		{53365BEE-46A2-4B0A-9F6B-FA3960325237}.Release|x64.Build.0 = Release|x64
		{EA50E4F4-7088-46FC-81C3-C89C94B32FE9}.Debug|Win32.ActiveCfg = Debug|Win32
		{EA50E4F4-7088-46FC-81C3-C89C94B32FE9}.Debug|Win32.Build.0 = Debug|Win32
		{EA50E4F4-7088-46FC-81C3-C89C94B32FE9}.Debug|x64.ActiveCfg = Debug|x64
		{EA50E4F4-7088-46FC-81C3-C89C94B32FE9}.Debug|x64.Build.0 = Debug|x64
		{EA50E4F4-7088-46FC-81C3-C89C94B32FE9}.Release|Win32.ActiveCfg = Release|Win32
		{EA50E4F4-7088-46FC-81C3-C89C94B32FE9}.Release|Win32.Build.0 = Release|Win32
		{EA50E4F4-7088-46FC-81C3-C89C94B32FE9}.Release|x64.ActiveCfg = Release|x64
		{EA50E4F4-7088-46FC-81C3-C89C94B32FE9}.Release|x64.Build.0 = Release|x64
	EndGlobalSection
	GlobalSection(SolutionProperties) = preSolution
		HideSolutionNode = FALSE
	EndGlobalSection
EndGlobal
